<?xml version="1.0" encoding="UTF-8" standalone="yes" ?>
<CodeBlocks_project_file>
	<FileVersion major="1" minor="6" />
	<Project>
		<Option title="ndnDemo" />
		<Option pch_mode="2" />
		<Option compiler="gcc" />
		<Build>
			<Target title="producer">
				<Option output="bin/producer" prefix_auto="1" extension_auto="1" />
				<Option type="1" />
				<Option compiler="gcc" />
				<Compiler>
					<Add option="-std=c++11" />
					<Add option="-Wall" />
					<Add directory="/usr/local/include" />
				</Compiler>
				<Linker>
					<Add library="boost_system" />
					<Add library="boost_filesystem" />
					<Add library="boost_program_options" />
					<Add library="libndn-cxx" />
				</Linker>
			</Target>
			<Target title="consumer">
				<Option output="bin/consumer" prefix_auto="1" extension_auto="1" />
				<Option type="1" />
				<Option compiler="gcc" />
				<Compiler>
					<Add option="-std=c++11" />
					<Add option="-Wall" />
					<Add directory="/usr/local/include" />
				</Compiler>
				<Linker>
					<Add library="boost_system" />
					<Add library="boost_filesystem" />
					<Add library="boost_program_options" />
					<Add library="libndn-cxx" />
				</Linker>
			</Target>
			<Target title="fileconsumer">
				<Option output="bin/fileconsumer" prefix_auto="1" extension_auto="1" />
				<Option type="1" />
				<Option compiler="gcc" />
				<Compiler>
					<Add option="-std=c++11" />
					<Add option="-Wall" />
					<Add directory="/usr/local/include" />
				</Compiler>
				<Linker>
					<Add library="boost_system" />
					<Add library="boost_filesystem" />
					<Add library="boost_program_options" />
					<Add library="libndn-cxx" />
				</Linker>
			</Target>
		</Build>
		<Compiler>
			<Add option="-Wall" />
			<Add option="-fexceptions" />
		</Compiler>
		<Unit filename="Consumer.cpp">
			<Option target="consumer" />
		</Unit>
		<Unit filename="Consumer.h">
			<Option target="consumer" />
		</Unit>
		<Unit filename="FileConsumer.cpp">
			<Option target="fileconsumer" />
		</Unit>
		<Unit filename="FileConsumer.h">
			<Option target="fileconsumer" />
		</Unit>
		<Unit filename="Producer.cpp">
			<Option target="producer" />
		</Unit>
		<Unit filename="Producer.h">
			<Option target="producer" />
		</Unit>
		<Extensions>
			<code_completion />
			<debugger />
		</Extensions>
	</Project>
</CodeBlocks_project_file>
